
Microsoft Visual Studio Solution File, Format Version 12.00
# Visual Studio Version 16
VisualStudioVersion = 16.0.31205.134
MinimumVisualStudioVersion = 10.0.40219.1
Project("{FAE04EC0-301F-11D3-BF4B-00C04F79EFBC}") = "Notepad", "Notepad\Notepad.csproj", "{B519367F-EC8F-4B51-9D38-860679723811}"
EndProject
Global
	GlobalSection(SolutionConfigurationPlatforms) = preSolution
		Debug|Any CPU = Debug|Any CPU
		Release|Any CPU = Release|Any CPU
	EndGlobalSection
	GlobalSection(ProjectConfigurationPlatforms) = postSolution
		{B519367F-EC8F-4B51-9D38-860679723811}.Debug|Any CPU.ActiveCfg = Debug|Any CPU
		{B519367F-EC8F-4B51-9D38-860679723811}.Debug|Any CPU.Build.0 = Debug|Any CPU
		{B519367F-EC8F-4B51-9D38-860679723811}.Release|Any CPU.ActiveCfg = Release|Any CPU
		{B519367F-EC8F-4B51-9D38-860679723811}.Release|Any CPU.Build.0 = Release|Any CPU
	EndGlobalSection
	GlobalSection(SolutionProperties) = preSolution
		HideSolutionNode = FALSE
	EndGlobalSection
	GlobalSection(ExtensibilityGlobals) = postSolution
		SolutionGuid = {336FB3FC-0E6B-45F8-BF30-35028E33FA52}
	EndGlobalSection
EndGlobal
